
Microsoft Visual Studio Solution File, Format Version 12.00
# Visual Studio 15
VisualStudioVersion = 15.0.27703.2026
MinimumVisualStudioVersion = 10.0.40219.1
Project("{9A19103F-16F7-4668-BE54-9A1E7A4F7556}") = "CloudMovies.Service", "CloudMovies\CloudMovies.Service.csproj", "{92169BE6-A434-4A22-904B-8B6C459048BD}"
EndProject
Project("{9A19103F-16F7-4668-BE54-9A1E7A4F7556}") = "CloudMovies.Database", "CloudMovies.Database\CloudMovies.Database.csproj", "{835CC622-2A52-4189-8CBC-22DE2F21AB2F}"
EndProject
Project("{FAE04EC0-301F-11D3-BF4B-00C04F79EFBC}") = "CloudMovies.Service.Test", "CloudMovies.Service.Test\CloudMovies.Service.Test.csproj", "{C384229F-D672-4498-877A-C246329FB2A6}"
EndProject
Global
	GlobalSection(SolutionConfigurationPlatforms) = preSolution
		Debug|Any CPU = Debug|Any CPU
		Release|Any CPU = Release|Any CPU
	EndGlobalSection
	GlobalSection(ProjectConfigurationPlatforms) = postSolution
		{92169BE6-A434-4A22-904B-8B6C459048BD}.Debug|Any CPU.ActiveCfg = Debug|Any CPU
		{92169BE6-A434-4A22-904B-8B6C459048BD}.Debug|Any CPU.Build.0 = Debug|Any CPU
		{92169BE6-A434-4A22-904B-8B6C459048BD}.Release|Any CPU.ActiveCfg = Release|Any CPU
		{92169BE6-A434-4A22-904B-8B6C459048BD}.Release|Any CPU.Build.0 = Release|Any CPU
		{835CC622-2A52-4189-8CBC-22DE2F21AB2F}.Debug|Any CPU.ActiveCfg = Debug|Any CPU
		{835CC622-2A52-4189-8CBC-22DE2F21AB2F}.Debug|Any CPU.Build.0 = Debug|Any CPU
		{835CC622-2A52-4189-8CBC-22DE2F21AB2F}.Release|Any CPU.ActiveCfg = Release|Any CPU
		{835CC622-2A52-4189-8CBC-22DE2F21AB2F}.Release|Any CPU.Build.0 = Release|Any CPU
		{C384229F-D672-4498-877A-C246329FB2A6}.Debug|Any CPU.ActiveCfg = Debug|Any CPU
		{C384229F-D672-4498-877A-C246329FB2A6}.Debug|Any CPU.Build.0 = Debug|Any CPU
		{C384229F-D672-4498-877A-C246329FB2A6}.Release|Any CPU.ActiveCfg = Release|Any CPU
		{C384229F-D672-4498-877A-C246329FB2A6}.Release|Any CPU.Build.0 = Release|Any CPU
	EndGlobalSection
	GlobalSection(SolutionProperties) = preSolution
		HideSolutionNode = FALSE
	EndGlobalSection
	GlobalSection(ExtensibilityGlobals) = postSolution
		SolutionGuid = {84D32E5A-439A-4207-B1D3-4ACC9635FFF8}
	EndGlobalSection
EndGlobal
